// !$*UTF8*$!
{
	archiveVersion = 1;
	classes = {
	};
	objectVersion = 46;
	objects = {

/* Begin PBXBuildFile section */
		DB7B76DD19D9CDE6000DF869 /* main.m in Sources */ = {isa = PBXBuildFile; fileRef = DB7B76DC19D9CDE6000DF869 /* main.m */; };
		DB7B76E019D9CDE6000DF869 /* AppDelegate.m in Sources */ = {isa = PBXBuildFile; fileRef = DB7B76DF19D9CDE6000DF869 /* AppDelegate.m */; };
		DB7B76E319D9CDE6000DF869 /* MasterViewController.m in Sources */ = {isa = PBXBuildFile; fileRef = DB7B76E219D9CDE6000DF869 /* MasterViewController.m */; };
		DB7B76E619D9CDE6000DF869 /* DetailViewController.m in Sources */ = {isa = PBXBuildFile; fileRef = DB7B76E519D9CDE6000DF869 /* DetailViewController.m */; };
		DB7B76E919D9CDE6000DF869 /* Main.storyboard in Resources */ = {isa = PBXBuildFile; fileRef = DB7B76E719D9CDE6000DF869 /* Main.storyboard */; };
		DB7B76EB19D9CDE6000DF869 /* Images.xcassets in Resources */ = {isa = PBXBuildFile; fileRef = DB7B76EA19D9CDE6000DF869 /* Images.xcassets */; };
		DB7B76EE19D9CDE7000DF869 /* LaunchScreen.xib in Resources */ = {isa = PBXBuildFile; fileRef = DB7B76EC19D9CDE7000DF869 /* LaunchScreen.xib */; };
		DB7B770519D9CE75000DF869 /* KPCircularTimer.m in Sources */ = {isa = PBXBuildFile; fileRef = DB7B770419D9CE75000DF869 /* KPCircularTimer.m */; };
/* End PBXBuildFile section */

/* Begin PBXFileReference section */
		DB7B76D719D9CDE6000DF869 /* KPCircularTimerDemo.app */ = {isa = PBXFileReference; explicitFileType = wrapper.application; includeInIndex = 0; path = KPCircularTimerDemo.app; sourceTree = BUILT_PRODUCTS_DIR; };
		DB7B76DB19D9CDE6000DF869 /* Info.plist */ = {isa = PBXFileReference; lastKnownFileType = text.plist.xml; path = Info.plist; sourceTree = "<group>"; };
		DB7B76DC19D9CDE6000DF869 /* main.m */ = {isa = PBXFileReference; lastKnownFileType = sourcecode.c.objc; path = main.m; sourceTree = "<group>"; };
		DB7B76DE19D9CDE6000DF869 /* AppDelegate.h */ = {isa = PBXFileReference; lastKnownFileType = sourcecode.c.h; path = AppDelegate.h; sourceTree = "<group>"; };
		DB7B76DF19D9CDE6000DF869 /* AppDelegate.m */ = {isa = PBXFileReference; lastKnownFileType = sourcecode.c.objc; path = AppDelegate.m; sourceTree = "<group>"; };
		DB7B76E119D9CDE6000DF869 /* MasterViewController.h */ = {isa = PBXFileReference; lastKnownFileType = sourcecode.c.h; path = MasterViewController.h; sourceTree = "<group>"; };
		DB7B76E219D9CDE6000DF869 /* MasterViewController.m */ = {isa = PBXFileReference; lastKnownFileType = sourcecode.c.objc; path = MasterViewController.m; sourceTree = "<group>"; };
		DB7B76E419D9CDE6000DF869 /* DetailViewController.h */ = {isa = PBXFileReference; lastKnownFileType = sourcecode.c.h; path = DetailViewController.h; sourceTree = "<group>"; };
		DB7B76E519D9CDE6000DF869 /* DetailViewController.m */ = {isa = PBXFileReference; lastKnownFileType = sourcecode.c.objc; path = DetailViewController.m; sourceTree = "<group>"; };
		DB7B76E819D9CDE6000DF869 /* Base */ = {isa = PBXFileReference; lastKnownFileType = file.storyboard; name = Base; path = Base.lproj/Main.storyboard; sourceTree = "<group>"; };
		DB7B76EA19D9CDE6000DF869 /* Images.xcassets */ = {isa = PBXFileReference; lastKnownFileType = folder.assetcatalog; path = Images.xcassets; sourceTree = "<group>"; };
		DB7B76ED19D9CDE7000DF869 /* Base */ = {isa = PBXFileReference; lastKnownFileType = file.xib; name = Base; path = Base.lproj/LaunchScreen.xib; sourceTree = "<group>"; };
		DB7B770319D9CE75000DF869 /* KPCircularTimer.h */ = {isa = PBXFileReference; fileEncoding = 4; lastKnownFileType = sourcecode.c.h; path = KPCircularTimer.h; sourceTree = "<group>"; };
		DB7B770419D9CE75000DF869 /* KPCircularTimer.m */ = {isa = PBXFileReference; fileEncoding = 4; lastKnownFileType = sourcecode.c.objc; path = KPCircularTimer.m; sourceTree = "<group>"; };
/* End PBXFileReference section */

/* Begin PBXFrameworksBuildPhase section */
		DB7B76D419D9CDE6000DF869 /* Frameworks */ = {
			isa = PBXFrameworksBuildPhase;
			buildActionMask = 2147483647;
			files = (
			);
			runOnlyForDeploymentPostprocessing = 0;
		};
/* End PBXFrameworksBuildPhase section */

/* Begin PBXGroup section */
		DB7B76CE19D9CDE6000DF869 = {
			isa = PBXGroup;
			children = (
				DB7B76D919D9CDE6000DF869 /* KPCircularTimerDemo */,
				DB7B770619D9CE7C000DF869 /* KPCircularTimer */,
				DB7B76D819D9CDE6000DF869 /* Products */,
			);
			sourceTree = "<group>";
		};
		DB7B76D819D9CDE6000DF869 /* Products */ = {
			isa = PBXGroup;
			children = (
				DB7B76D719D9CDE6000DF869 /* KPCircularTimerDemo.app */,
			);
			name = Products;
			sourceTree = "<group>";
		};
		DB7B76D919D9CDE6000DF869 /* KPCircularTimerDemo */ = {
			isa = PBXGroup;
			children = (
				DB7B76DE19D9CDE6000DF869 /* AppDelegate.h */,
				DB7B76DF19D9CDE6000DF869 /* AppDelegate.m */,
				DB7B76E119D9CDE6000DF869 /* MasterViewController.h */,
				DB7B76E219D9CDE6000DF869 /* MasterViewController.m */,
				DB7B76E419D9CDE6000DF869 /* DetailViewController.h */,
				DB7B76E519D9CDE6000DF869 /* DetailViewController.m */,
				DB7B76E719D9CDE6000DF869 /* Main.storyboard */,
				DB7B76EA19D9CDE6000DF869 /* Images.xcassets */,
				DB7B76EC19D9CDE7000DF869 /* LaunchScreen.xib */,
				DB7B76DA19D9CDE6000DF869 /* Supporting Files */,
			);
			path = KPCircularTimerDemo;
			sourceTree = "<group>";
		};
		DB7B76DA19D9CDE6000DF869 /* Supporting Files */ = {
			isa = PBXGroup;
			children = (
				DB7B76DB19D9CDE6000DF869 /* Info.plist */,
				DB7B76DC19D9CDE6000DF869 /* main.m */,
			);
			name = "Supporting Files";
			sourceTree = "<group>";
		};
		DB7B770619D9CE7C000DF869 /* KPCircularTimer */ = {
			isa = PBXGroup;
			children = (
				DB7B770319D9CE75000DF869 /* KPCircularTimer.h */,
				DB7B770419D9CE75000DF869 /* KPCircularTimer.m */,
			);
			name = KPCircularTimer;
			path = ../KPCircularTimer;
			sourceTree = SOURCE_ROOT;
		};
/* End PBXGroup section */

/* Begin PBXNativeTarget section */
		DB7B76D619D9CDE6000DF869 /* KPCircularTimerDemo */ = {
			isa = PBXNativeTarget;
			buildConfigurationList = DB7B76FD19D9CDE7000DF869 /* Build configuration list for PBXNativeTarget "KPCircularTimerDemo" */;
			buildPhases = (
				DB7B76D319D9CDE6000DF869 /* Sources */,
				DB7B76D419D9CDE6000DF869 /* Frameworks */,
				DB7B76D519D9CDE6000DF869 /* Resources */,
			);
			buildRules = (
			);
			dependencies = (
			);
			name = KPCircularTimerDemo;
			productName = KPCircularTimerDemo;
			productReference = DB7B76D719D9CDE6000DF869 /* KPCircularTimerDemo.app */;
			productType = "com.apple.product-type.application";
		};
/* End PBXNativeTarget section */

/* Begin PBXProject section */
		DB7B76CF19D9CDE6000DF869 /* Project object */ = {
			isa = PBXProject;
			attributes = {
				LastUpgradeCheck = 0600;
				ORGANIZATIONNAME = Kypselia;
				TargetAttributes = {
					DB7B76D619D9CDE6000DF869 = {
						CreatedOnToolsVersion = 6.0;
					};
				};
			};
			buildConfigurationList = DB7B76D219D9CDE6000DF869 /* Build configuration list for PBXProject "KPCircularTimerDemo" */;
			compatibilityVersion = "Xcode 3.2";
			developmentRegion = English;
			hasScannedForEncodings = 0;
			knownRegions = (
				en,
				Base,
			);
			mainGroup = DB7B76CE19D9CDE6000DF869;
			productRefGroup = DB7B76D819D9CDE6000DF869 /* Products */;
			projectDirPath = "";
			projectRoot = "";
			targets = (
				DB7B76D619D9CDE6000DF869 /* KPCircularTimerDemo */,
			);
		};
/* End PBXProject section */

/* Begin PBXResourcesBuildPhase section */
		DB7B76D519D9CDE6000DF869 /* Resources */ = {
			isa = PBXResourcesBuildPhase;
			buildActionMask = 2147483647;
			files = (
				DB7B76E919D9CDE6000DF869 /* Main.storyboard in Resources */,
				DB7B76EE19D9CDE7000DF869 /* LaunchScreen.xib in Resources */,
				DB7B76EB19D9CDE6000DF869 /* Images.xcassets in Resources */,
			);
			runOnlyForDeploymentPostprocessing = 0;
		};
/* End PBXResourcesBuildPhase section */

/* Begin PBXSourcesBuildPhase section */
		DB7B76D319D9CDE6000DF869 /* Sources */ = {
			isa = PBXSourcesBuildPhase;
			buildActionMask = 2147483647;
			files = (
				DB7B76E019D9CDE6000DF869 /* AppDelegate.m in Sources */,
				DB7B76E319D9CDE6000DF869 /* MasterViewController.m in Sources */,
				DB7B770519D9CE75000DF869 /* KPCircularTimer.m in Sources */,
				DB7B76DD19D9CDE6000DF869 /* main.m in Sources */,
				DB7B76E619D9CDE6000DF869 /* DetailViewController.m in Sources */,
			);
			runOnlyForDeploymentPostprocessing = 0;
		};
/* End PBXSourcesBuildPhase section */

/* Begin PBXVariantGroup section */
		DB7B76E719D9CDE6000DF869 /* Main.storyboard */ = {
			isa = PBXVariantGroup;
			children = (
				DB7B76E819D9CDE6000DF869 /* Base */,
			);
			name = Main.storyboard;
			sourceTree = "<group>";
		};
		DB7B76EC19D9CDE7000DF869 /* LaunchScreen.xib */ = {
			isa = PBXVariantGroup;
			children = (
				DB7B76ED19D9CDE7000DF869 /* Base */,
			);
			name = LaunchScreen.xib;
			sourceTree = "<group>";
		};
/* End PBXVariantGroup section */

/* Begin XCBuildConfiguration section */
		DB7B76FB19D9CDE7000DF869 /* Debug */ = {
			isa = XCBuildConfiguration;
			buildSettings = {
				ALWAYS_SEARCH_USER_PATHS = NO;
				CLANG_CXX_LANGUAGE_STANDARD = "gnu++0x";
				CLANG_CXX_LIBRARY = "libc++";
				CLANG_ENABLE_MODULES = YES;
				CLANG_ENABLE_OBJC_ARC = YES;
				CLANG_WARN_BOOL_CONVERSION = YES;
				CLANG_WARN_CONSTANT_CONVERSION = YES;
				CLANG_WARN_DIRECT_OBJC_ISA_USAGE = YES_ERROR;
				CLANG_WARN_EMPTY_BODY = YES;
				CLANG_WARN_ENUM_CONVERSION = YES;
				CLANG_WARN_INT_CONVERSION = YES;
				CLANG_WARN_OBJC_ROOT_CLASS = YES_ERROR;
				CLANG_WARN_UNREACHABLE_CODE = YES;
				CLANG_WARN__DUPLICATE_METHOD_MATCH = YES;
				"CODE_SIGN_IDENTITY[sdk=iphoneos*]" = "iPhone Developer";
				COPY_PHASE_STRIP = NO;
				ENABLE_STRICT_OBJC_MSGSEND = YES;
				GCC_C_LANGUAGE_STANDARD = gnu99;
				GCC_DYNAMIC_NO_PIC = NO;
				GCC_OPTIMIZATION_LEVEL = 0;
				GCC_PREPROCESSOR_DEFINITIONS = (
					"DEBUG=1",
					"$(inherited)",
				);
				GCC_SYMBOLS_PRIVATE_EXTERN = NO;
				GCC_WARN_64_TO_32_BIT_CONVERSION = YES;
				GCC_WARN_ABOUT_RETURN_TYPE = YES_ERROR;
				GCC_WARN_UNDECLARED_SELECTOR = YES;
				GCC_WARN_UNINITIALIZED_AUTOS = YES_AGGRESSIVE;
				GCC_WARN_UNUSED_FUNCTION = YES;
				GCC_WARN_UNUSED_VARIABLE = YES;
				IPHONEOS_DEPLOYMENT_TARGET = 8.0;
				MTL_ENABLE_DEBUG_INFO = YES;
				ONLY_ACTIVE_ARCH = YES;
				SDKROOT = iphoneos;
			};
			name = Debug;
		};
		DB7B76FC19D9CDE7000DF869 /* Release */ = {
			isa = XCBuildConfiguration;
			buildSettings = {
				ALWAYS_SEARCH_USER_PATHS = NO;
				CLANG_CXX_LANGUAGE_STANDARD = "gnu++0x";
				CLANG_CXX_LIBRARY = "libc++";
				CLANG_ENABLE_MODULES = YES;
				CLANG_ENABLE_OBJC_ARC = YES;
				CLANG_WARN_BOOL_CONVERSION = YES;
				CLANG_WARN_CONSTANT_CONVERSION = YES;
				CLANG_WARN_DIRECT_OBJC_ISA_USAGE = YES_ERROR;
				CLANG_WARN_EMPTY_BODY = YES;
				CLANG_WARN_ENUM_CONVERSION = YES;
				CLANG_WARN_INT_CONVERSION = YES;
				CLANG_WARN_OBJC_ROOT_CLASS = YES_ERROR;
				CLANG_WARN_UNREACHABLE_CODE = YES;
				CLANG_WARN__DUPLICATE_METHOD_MATCH = YES;
				"CODE_SIGN_IDENTITY[sdk=iphoneos*]" = "iPhone Developer";
				COPY_PHASE_STRIP = YES;
				ENABLE_NS_ASSERTIONS = NO;
				ENABLE_STRICT_OBJC_MSGSEND = YES;
				GCC_C_LANGUAGE_STANDARD = gnu99;
				GCC_WARN_64_TO_32_BIT_CONVERSION = YES;
				GCC_WARN_ABOUT_RETURN_TYPE = YES_ERROR;
				GCC_WARN_UNDECLARED_SELECTOR = YES;
				GCC_WARN_UNINITIALIZED_AUTOS = YES_AGGRESSIVE;
				GCC_WARN_UNUSED_FUNCTION = YES;
				GCC_WARN_UNUSED_VARIABLE = YES;
				IPHONEOS_DEPLOYMENT_TARGET = 8.0;
				MTL_ENABLE_DEBUG_INFO = NO;
				SDKROOT = iphoneos;
				VALIDATE_PRODUCT = YES;
			};
			name = Release;
		};
		DB7B76FE19D9CDE7000DF869 /* Debug */ = {
			isa = XCBuildConfiguration;
			buildSettings = {
				ASSETCATALOG_COMPILER_APPICON_NAME = AppIcon;
				INFOPLIST_FILE = KPCircularTimerDemo/Info.plist;
				IPHONEOS_DEPLOYMENT_TARGET = 6.0;
				LD_RUNPATH_SEARCH_PATHS = "$(inherited) @executable_path/Frameworks";
				PRODUCT_NAME = "$(TARGET_NAME)";
			};
			name = Debug;
		};
		DB7B76FF19D9CDE7000DF869 /* Release */ = {
			isa = XCBuildConfiguration;
			buildSettings = {
				ASSETCATALOG_COMPILER_APPICON_NAME = AppIcon;
				INFOPLIST_FILE = KPCircularTimerDemo/Info.plist;
				IPHONEOS_DEPLOYMENT_TARGET = 6.0;
				LD_RUNPATH_SEARCH_PATHS = "$(inherited) @executable_path/Frameworks";
				PRODUCT_NAME = "$(TARGET_NAME)";
			};
			name = Release;
		};
/* End XCBuildConfiguration section */

/* Begin XCConfigurationList section */
		DB7B76D219D9CDE6000DF869 /* Build configuration list for PBXProject "KPCircularTimerDemo" */ = {
			isa = XCConfigurationList;
			buildConfigurations = (
				DB7B76FB19D9CDE7000DF869 /* Debug */,
				DB7B76FC19D9CDE7000DF869 /* Release */,
			);
			defaultConfigurationIsVisible = 0;
			defaultConfigurationName = Release;
		};
		DB7B76FD19D9CDE7000DF869 /* Build configuration list for PBXNativeTarget "KPCircularTimerDemo" */ = {
			isa = XCConfigurationList;
			buildConfigurations = (
				DB7B76FE19D9CDE7000DF869 /* Debug */,
				DB7B76FF19D9CDE7000DF869 /* Release */,
			);
			defaultConfigurationIsVisible = 0;
		};
/* End XCConfigurationList section */
	};
	rootObject = DB7B76CF19D9CDE6000DF869 /* Project object */;
}
